<Solution>
  <Folder Name="/Solution Items/">
    <File Path=".editorconfig" />
    <File Path="Directory.Build.props" />
    <File Path="Directory.Packages.props" />
  </Folder>
  <Folder Name="/src/">
    <Project Path="src/Atlas.Abstractions/Atlas.Abstractions.csproj" />
    <Project Path="src/Atlas.AI/Atlas.AI.csproj" />
    <Project Path="src/Atlas.Api/Atlas.Api.csproj" />
    <Project Path="src/Atlas.Contracts/Atlas.Contracts.csproj" />
    <Project Path="src/Atlas.Core/Atlas.Core.csproj" />
    <Project Path="src/Atlas.Desktop/Atlas.Desktop.csproj" />
    <Project Path="src/Atlas.Hosting/Atlas.Hosting.csproj" />
    <Project Path="src/Atlas.Memory/Atlas.Memory.csproj" />
    <Project Path="src/Atlas.PluginFramework/Atlas.PluginFramework.csproj" />
  </Folder>
  <Folder Name="/tests/">
    <Project Path="tests/Atlas.Core.Tests/Atlas.Core.Tests.csproj" Id="70dcf308-eefe-486d-8f1b-46534578f794" />
    <Project Path="tests/Atlas.Hosting.Tests/Atlas.Hosting.Tests.csproj" Id="ebc57050-2353-4ae7-a857-f67185a61e53" />
    <Project Path="tests/Atlas.Memory.Tests/Atlas.Memory.Tests.csproj" Id="6f2b2dc3-7c3a-4d4d-b248-65000e3758c7" />
  </Folder>
</Solution>
